
Microsoft Visual Studio Solution File, Format Version 12.00
# Visual Studio Version 16
VisualStudioVersion = 16.0.30611.23
MinimumVisualStudioVersion = 10.0.40219.1
Project("{FAE04EC0-301F-11D3-BF4B-00C04F79EFBC}") = "CalculatorRadioButton", "CalculatorRadioButton\CalculatorRadioButton.csproj", "{BEEA0FB5-1E44-435D-8529-0B60EFE7F696}"
EndProject
Global
	GlobalSection(SolutionConfigurationPlatforms) = preSolution
		Debug|Any CPU = Debug|Any CPU
		Release|Any CPU = Release|Any CPU
	EndGlobalSection
	GlobalSection(ProjectConfigurationPlatforms) = postSolution
		{BEEA0FB5-1E44-435D-8529-0B60EFE7F696}.Debug|Any CPU.ActiveCfg = Debug|Any CPU
		{BEEA0FB5-1E44-435D-8529-0B60EFE7F696}.Debug|Any CPU.Build.0 = Debug|Any CPU
		{BEEA0FB5-1E44-435D-8529-0B60EFE7F696}.Release|Any CPU.ActiveCfg = Release|Any CPU
		{BEEA0FB5-1E44-435D-8529-0B60EFE7F696}.Release|Any CPU.Build.0 = Release|Any CPU
	EndGlobalSection
	GlobalSection(SolutionProperties) = preSolution
		HideSolutionNode = FALSE
	EndGlobalSection
	GlobalSection(ExtensibilityGlobals) = postSolution
		SolutionGuid = {D60E0AC9-C1D6-4013-89F3-4EAA80B3B512}
	EndGlobalSection
EndGlobal
